
Microsoft Visual Studio Solution File, Format Version 12.00
# Visual Studio Version 17
VisualStudioVersion = 17.9.34714.143
MinimumVisualStudioVersion = 10.0.40219.1
Project("{FAE04EC0-301F-11D3-BF4B-00C04F79EFBC}") = "WebApiByShikshyaa", "WebApiByShikshyaa\WebApiByShikshyaa.csproj", "{2E9BB1ED-78D6-44EC-A997-AB7EA31729D5}"
EndProject
Global
	GlobalSection(SolutionConfigurationPlatforms) = preSolution
		Debug|Any CPU = Debug|Any CPU
		Release|Any CPU = Release|Any CPU
	EndGlobalSection
	GlobalSection(ProjectConfigurationPlatforms) = postSolution
		{2E9BB1ED-78D6-44EC-A997-AB7EA31729D5}.Debug|Any CPU.ActiveCfg = Debug|Any CPU
		{2E9BB1ED-78D6-44EC-A997-AB7EA31729D5}.Debug|Any CPU.Build.0 = Debug|Any CPU
		{2E9BB1ED-78D6-44EC-A997-AB7EA31729D5}.Release|Any CPU.ActiveCfg = Release|Any CPU
		{2E9BB1ED-78D6-44EC-A997-AB7EA31729D5}.Release|Any CPU.Build.0 = Release|Any CPU
	EndGlobalSection
	GlobalSection(SolutionProperties) = preSolution
		HideSolutionNode = FALSE
	EndGlobalSection
	GlobalSection(ExtensibilityGlobals) = postSolution
		SolutionGuid = {1492782B-9779-4CA6-B155-14EE0AF0A7A9}
	EndGlobalSection
EndGlobal
